{
  "requires": true,
  "lockfileVersion": 1,
  "dependencies": {
    "aes-decrypter": {
      "version": "1.0.3",
      "resolved": "https://registry.npmjs.org/aes-decrypter/-/aes-decrypter-1.0.3.tgz",
      "integrity": "sha1-nAa4pUNaWtCduTP4oBSvzxhMw04=",
      "requires": {
        "pkcs7": "0.2.3"
      }
    },
    "amdefine": {
      "version": "1.0.1",
      "resolved": "https://registry.npmjs.org/amdefine/-/amdefine-1.0.1.tgz",
      "integrity": "sha1-SlKCrBZHKek2Gbz9OtFR+BfOkfU="
    },
    "async": {
      "version": "0.2.10",
      "resolved": "https://registry.npmjs.org/async/-/async-0.2.10.tgz",
      "integrity": "sha1-trvgsGdLnXGXCMo43owjfLUmw9E="
    },
    "babel-runtime": {
      "version": "6.26.0",
      "resolved": "https://registry.npmjs.org/babel-runtime/-/babel-runtime-6.26.0.tgz",
      "integrity": "sha1-llxwWGaOgrVde/4E/yM3vItWR/4=",
      "requires": {
        "core-js": "2.6.11",
        "regenerator-runtime": "0.11.1"
      }
    },
    "camelcase": {
      "version": "1.2.1",
      "resolved": "https://registry.npmjs.org/camelcase/-/camelcase-1.2.1.tgz",
      "integrity": "sha1-m7UwTS4LVmmLLHWLCKPqqdqlijk="
    },
    "core-js": {
      "version": "2.6.11",
      "resolved": "https://registry.npmjs.org/core-js/-/core-js-2.6.11.tgz",
      "integrity": "sha512-5wjnpaT/3dV+XB4borEsnAYQchn00XSgTAWKDkEqv+K8KevjbzmofK6hfJ9TZIlpj2N0xQpazy7PiRQiWHqzWg=="
    },
    "decamelize": {
      "version": "1.2.0",
      "resolved": "https://registry.npmjs.org/decamelize/-/decamelize-1.2.0.tgz",
      "integrity": "sha1-9lNNFRSCabIDUue+4m9QH5oZEpA="
    },
    "dom-walk": {
      "version": "0.1.1",
      "resolved": "https://registry.npmjs.org/dom-walk/-/dom-walk-0.1.1.tgz",
      "integrity": "sha1-ZyIm3HTI95mtNTB9+TaroRrNYBg="
    },
    "es5-shim": {
      "version": "4.5.13",
      "resolved": "https://registry.npmjs.org/es5-shim/-/es5-shim-4.5.13.tgz",
      "integrity": "sha512-xi6hh6gsvDE0MaW4Vp1lgNEBpVcCXRWfPXj5egDvtgLz4L9MEvNwYEMdJH+JJinWkwa8c3c3o5HduV7dB/e1Hw=="
    },
    "global": {
      "version": "4.3.0",
      "resolved": "https://registry.npmjs.org/global/-/global-4.3.0.tgz",
      "integrity": "sha1-737EvurVebRU9evV5/MD21T0Kis=",
      "requires": {
        "min-document": "2.19.0",
        "process": "0.5.2"
      }
    },
    "grunt-contrib-uglify": {
      "version": "0.2.7",
      "resolved": "https://registry.npmjs.org/grunt-contrib-uglify/-/grunt-contrib-uglify-0.2.7.tgz",
      "integrity": "sha1-5r2lHgxAoUWfbOrUI8Ze/XJaG/c=",
      "requires": {
        "grunt-lib-contrib": "0.6.1",
        "uglify-js": "2.4.24"
      }
    },
    "grunt-lib-contrib": {
      "version": "0.6.1",
      "resolved": "https://registry.npmjs.org/grunt-lib-contrib/-/grunt-lib-contrib-0.6.1.tgz",
      "integrity": "sha1-P1att9oG6BR5XuJBWw6+X7iQPrs=",
      "requires": {
        "zlib-browserify": "0.0.1"
      }
    },
    "hls.js": {
      "version": "0.7.11",
      "resolved": "https://registry.npmjs.org/hls.js/-/hls.js-0.7.11.tgz",
      "integrity": "sha1-6ESL41okNbrSS4uT2ef5wFZZuyg="
    },
    "individual": {
      "version": "2.0.0",
      "resolved": "https://registry.npmjs.org/individual/-/individual-2.0.0.tgz",
      "integrity": "sha1-gzsJfa0jKU52EXqY+zjg2a1hu5c="
    },
    "is-function": {
      "version": "1.0.1",
      "resolved": "https://registry.npmjs.org/is-function/-/is-function-1.0.1.tgz",
      "integrity": "sha1-Es+5i2W1fdPRk6MSH19uL0N2ArU="
    },
    "m3u8-parser": {
      "version": "2.1.0",
      "resolved": "https://registry.npmjs.org/m3u8-parser/-/m3u8-parser-2.1.0.tgz",
      "integrity": "sha1-yBcDKewc1RXQ1Yu4t2LamJbLA2g="
    },
    "min-document": {
      "version": "2.19.0",
      "resolved": "https://registry.npmjs.org/min-document/-/min-document-2.19.0.tgz",
      "integrity": "sha1-e9KC4/WELtKVu3SM3Z8f+iyCRoU=",
      "requires": {
        "dom-walk": "0.1.1"
      }
    },
    "mux.js": {
      "version": "4.3.2",
      "resolved": "https://registry.npmjs.org/mux.js/-/mux.js-4.3.2.tgz",
      "integrity": "sha512-g0q6DPdvb3yYcoK7ElBGobdSSrhY/RjPt19U7uUc733aqvc5bCS/aCvL9z+448y+IoCZnYDwyZfQBBXMSmGOaQ=="
    },
    "parse-headers": {
      "version": "2.0.3",
      "resolved": "https://registry.npmjs.org/parse-headers/-/parse-headers-2.0.3.tgz",
      "integrity": "sha512-QhhZ+DCCit2Coi2vmAKbq5RGTRcQUOE2+REgv8vdyu7MnYx2eZztegqtTx99TZ86GTIwqiy3+4nQTWZ2tgmdCA=="
    },
    "pkcs7": {
      "version": "0.2.3",
      "resolved": "https://registry.npmjs.org/pkcs7/-/pkcs7-0.2.3.tgz",
      "integrity": "sha1-ItYGZtAQZcXyRDkJjkpIMEUic74="
    },
    "process": {
      "version": "0.5.2",
      "resolved": "https://registry.npmjs.org/process/-/process-0.5.2.tgz",
      "integrity": "sha1-FjjYqONML0QKkduVq5rrZ3/Bhc8="
    },
    "regenerator-runtime": {
      "version": "0.11.1",
      "resolved": "https://registry.npmjs.org/regenerator-runtime/-/regenerator-runtime-0.11.1.tgz",
      "integrity": "sha512-MguG95oij0fC3QV3URf4V2SDYGJhJnJGqvIIgdECeODCT98wSWDAJ94SSuVpYQUoTcGUIL6L4yNB7j1DFFHSBg=="
    },
    "rust-result": {
      "version": "1.0.0",
      "resolved": "https://registry.npmjs.org/rust-result/-/rust-result-1.0.0.tgz",
      "integrity": "sha1-NMdbLm3Dn+WHXlveyFteD5FTb3I=",
      "requires": {
        "individual": "2.0.0"
      }
    },
    "safe-json-parse": {
      "version": "4.0.0",
      "resolved": "https://registry.npmjs.org/safe-json-parse/-/safe-json-parse-4.0.0.tgz",
      "integrity": "sha1-fA9XjPzNEtM6ccDgVBPi7KFx6qw=",
      "requires": {
        "rust-result": "1.0.0"
      }
    },
    "source-map": {
      "version": "0.1.34",
      "resolved": "https://registry.npmjs.org/source-map/-/source-map-0.1.34.tgz",
      "integrity": "sha1-p8/omux7FoLDsZjQrPtH19CQVms=",
      "requires": {
        "amdefine": "1.0.1"
      }
    },
    "tsml": {
      "version": "1.0.1",
      "resolved": "https://registry.npmjs.org/tsml/-/tsml-1.0.1.tgz",
      "integrity": "sha1-ifghi52eJX9H1/a1bQHFpNLGj8M="
    },
    "uglify-js": {
      "version": "2.4.24",
      "resolved": "https://registry.npmjs.org/uglify-js/-/uglify-js-2.4.24.tgz",
      "integrity": "sha1-+tV1XB4Vd2WLsG/5q25UjJW+vW4=",
      "requires": {
        "async": "0.2.10",
        "source-map": "0.1.34",
        "uglify-to-browserify": "1.0.2",
        "yargs": "3.5.4"
      }
    },
    "uglify-to-browserify": {
      "version": "1.0.2",
      "resolved": "https://registry.npmjs.org/uglify-to-browserify/-/uglify-to-browserify-1.0.2.tgz",
      "integrity": "sha1-bgkk1r2mta/jSeOabWMoUKD4grc="
    },
    "url-toolkit": {
      "version": "2.1.6",
      "resolved": "https://registry.npmjs.org/url-toolkit/-/url-toolkit-2.1.6.tgz",
      "integrity": "sha512-UaZ2+50am4HwrV2crR/JAf63Q4VvPYphe63WGeoJxeu8gmOm0qxPt+KsukfakPNrX9aymGNEkkaoICwn+OuvBw=="
    },
    "video.js": {
      "version": "5.20.5",
      "resolved": "https://registry.npmjs.org/video.js/-/video.js-5.20.5.tgz",
      "integrity": "sha1-RFza4gS85Fl4LYajGyWjKv1tjv8=",
      "requires": {
        "babel-runtime": "6.26.0",
        "global": "4.3.0",
        "safe-json-parse": "4.0.0",
        "tsml": "1.0.1",
        "videojs-font": "2.0.0",
        "videojs-ie8": "1.1.2",
        "videojs-swf": "5.4.1",
        "videojs-vtt.js": "0.12.6",
        "xhr": "2.2.2"
      }
    },
    "videojs": {
      "version": "1.0.0",
      "resolved": "https://registry.npmjs.org/videojs/-/videojs-1.0.0.tgz",
      "integrity": "sha1-UDcS4LdDuPY3xUIhkmkqxKNLVL4=",
      "requires": {
        "grunt-contrib-uglify": "0.2.7"
      }
    },
    "videojs-contrib-hls": {
      "version": "5.15.0",
      "resolved": "https://registry.npmjs.org/videojs-contrib-hls/-/videojs-contrib-hls-5.15.0.tgz",
      "integrity": "sha512-18zbMYZ0XRBKTPEayA9bFTWWrqhT9b4G8+zf0czJLD7Epe5PcK1I/3dflTHQeQ5rwlWir+/XnFU3sMg/B2MMcw==",
      "requires": {
        "aes-decrypter": "1.0.3",
        "global": "4.3.0",
        "m3u8-parser": "2.1.0",
        "mux.js": "4.3.2",
        "url-toolkit": "2.1.6",
        "video.js": "5.20.5",
        "videojs-contrib-media-sources": "4.7.2",
        "webwackify": "0.1.6"
      }
    },
    "videojs-contrib-media-sources": {
      "version": "4.7.2",
      "resolved": "https://registry.npmjs.org/videojs-contrib-media-sources/-/videojs-contrib-media-sources-4.7.2.tgz",
      "integrity": "sha512-e6iCHWBFuV05EGo7v+pS9iepObXnJ9joms467gzi8ZjpKVb3ifha9M0Ja24Rd8JfvYpzjltsgDVtGFDvIg4hQQ==",
      "requires": {
        "global": "4.3.0",
        "mux.js": "4.3.2",
        "video.js": "5.20.5",
        "webwackify": "0.1.6"
      }
    },
    "videojs-font": {
      "version": "2.0.0",
      "resolved": "https://registry.npmjs.org/videojs-font/-/videojs-font-2.0.0.tgz",
      "integrity": "sha1-r3Rh751LleAzS/+3iy8v8DZKkDQ="
    },
    "videojs-hlsjs": {
      "version": "1.4.8",
      "resolved": "https://registry.npmjs.org/videojs-hlsjs/-/videojs-hlsjs-1.4.8.tgz",
      "integrity": "sha1-PpxsuitfEaihrbC4KTOPREJKenk=",
      "requires": {
        "hls.js": "0.7.11",
        "video.js": "5.20.5"
      }
    },
    "videojs-ie8": {
      "version": "1.1.2",
      "resolved": "https://registry.npmjs.org/videojs-ie8/-/videojs-ie8-1.1.2.tgz",
      "integrity": "sha1-oj09hgitcZK2nGB3/E64SJmNNdk=",
      "requires": {
        "es5-shim": "4.5.13"
      }
    },
    "videojs-iplayer-skin": {
      "version": "2.0.3",
      "resolved": "https://registry.npmjs.org/videojs-iplayer-skin/-/videojs-iplayer-skin-2.0.3.tgz",
      "integrity": "sha512-h4bocatMH6TM1EaTOtXWodKzycRl9palzjI0+kgBTjjee07FEMnidgRvTv3iGCHaM/MFMxC6A+qftgTKy0PjHw=="
    },
    "videojs-seek-buttons": {
      "version": "1.5.0",
      "resolved": "https://registry.npmjs.org/videojs-seek-buttons/-/videojs-seek-buttons-1.5.0.tgz",
      "integrity": "sha512-X9d4dIngPBA2c0rQ+ap8nVqtDDR8VPi89MUS6RIKyR8TymM/IfAJz+A/vvyeAx2Hiv68elaCse+TV1H9bzv9Rw==",
      "requires": {
        "global": "4.4.0",
        "video.js": "5.20.5"
      },
      "dependencies": {
        "global": {
          "version": "4.4.0",
          "resolved": "https://registry.npmjs.org/global/-/global-4.4.0.tgz",
          "integrity": "sha512-wv/LAoHdRE3BeTGz53FAamhGlPLhlssK45usmGFThIi4XqnBmjKQ16u+RNbP7WvigRZDxUsM0J3gcQ5yicaL0w==",
          "requires": {
            "min-document": "2.19.0",
            "process": "0.11.10"
          }
        },
        "process": {
          "version": "0.11.10",
          "resolved": "https://registry.npmjs.org/process/-/process-0.11.10.tgz",
          "integrity": "sha1-czIwDoQBYb2j5podHZGn1LwW8YI="
        }
      }
    },
    "videojs-swf": {
      "version": "5.4.1",
      "resolved": "https://registry.npmjs.org/videojs-swf/-/videojs-swf-5.4.1.tgz",
      "integrity": "sha1-IHfvccdJ8seCPvSbq65N0qywj4c="
    },
    "videojs-titleoverlay": {
      "version": "1.1.0",
      "resolved": "https://registry.npmjs.org/videojs-titleoverlay/-/videojs-titleoverlay-1.1.0.tgz",
      "integrity": "sha512-rV0asoq3JqBWXkLi3+wUDqBeY/2FpoSG9SV4BniwyO72jQqaNBWgPeuxOVt4P45dP4GjOwFogQ64whu1Bl2W9A=="
    },
    "videojs-upnext-card": {
      "version": "2.2.3",
      "resolved": "https://registry.npmjs.org/videojs-upnext-card/-/videojs-upnext-card-2.2.3.tgz",
      "integrity": "sha512-e6OzM3D5e76CIcex8FuJULujC6HC60zt7assOvIt1dbaCECoDhfXqRl5NUAmO0tsAVEM6WYPeZSpH7/CFAKTHQ==",
      "requires": {
        "global": "4.4.0",
        "video.js": "5.20.5"
      },
      "dependencies": {
        "global": {
          "version": "4.4.0",
          "resolved": "https://registry.npmjs.org/global/-/global-4.4.0.tgz",
          "integrity": "sha512-wv/LAoHdRE3BeTGz53FAamhGlPLhlssK45usmGFThIi4XqnBmjKQ16u+RNbP7WvigRZDxUsM0J3gcQ5yicaL0w==",
          "requires": {
            "min-document": "2.19.0",
            "process": "0.11.10"
          }
        },
        "process": {
          "version": "0.11.10",
          "resolved": "https://registry.npmjs.org/process/-/process-0.11.10.tgz",
          "integrity": "sha1-czIwDoQBYb2j5podHZGn1LwW8YI="
        }
      }
    },
    "videojs-vtt.js": {
      "version": "0.12.6",
      "resolved": "https://registry.npmjs.org/videojs-vtt.js/-/videojs-vtt.js-0.12.6.tgz",
      "integrity": "sha512-XFXeGBQiljnElMhwCcZst0RDbZn2n8LU7ZScXryd3a00OaZsHAjdZu/7/RdSr7Z1jHphd45FnOvOQkGK4YrWCQ==",
      "requires": {
        "global": "4.4.0"
      },
      "dependencies": {
        "global": {
          "version": "4.4.0",
          "resolved": "https://registry.npmjs.org/global/-/global-4.4.0.tgz",
          "integrity": "sha512-wv/LAoHdRE3BeTGz53FAamhGlPLhlssK45usmGFThIi4XqnBmjKQ16u+RNbP7WvigRZDxUsM0J3gcQ5yicaL0w==",
          "requires": {
            "min-document": "2.19.0",
            "process": "0.11.10"
          }
        },
        "process": {
          "version": "0.11.10",
          "resolved": "https://registry.npmjs.org/process/-/process-0.11.10.tgz",
          "integrity": "sha1-czIwDoQBYb2j5podHZGn1LwW8YI="
        }
      }
    },
    "webwackify": {
      "version": "0.1.6",
      "resolved": "https://registry.npmjs.org/webwackify/-/webwackify-0.1.6.tgz",
      "integrity": "sha512-pGcw1T3HpNnM/UTRQqqRkkkzythSLts05mB+7Gr00B+0VbL0m39dFL5g20rSIEUt9Wrpw+/8k+snxRlUFHhcqA=="
    },
    "window-size": {
      "version": "0.1.0",
      "resolved": "https://registry.npmjs.org/window-size/-/window-size-0.1.0.tgz",
      "integrity": "sha1-VDjNLqk7IC76Ohn+iIeu58lPnJ0="
    },
    "wordwrap": {
      "version": "0.0.2",
      "resolved": "https://registry.npmjs.org/wordwrap/-/wordwrap-0.0.2.tgz",
      "integrity": "sha1-t5Zpu0LstAn4PVg8rVLKF+qhZD8="
    },
    "xhr": {
      "version": "2.2.2",
      "resolved": "https://registry.npmjs.org/xhr/-/xhr-2.2.2.tgz",
      "integrity": "sha1-LuclcYafhobUFVmp6ihsGJcUNf8=",
      "requires": {
        "global": "4.3.0",
        "is-function": "1.0.1",
        "parse-headers": "2.0.3",
        "xtend": "4.0.2"
      }
    },
    "xtend": {
      "version": "4.0.2",
      "resolved": "https://registry.npmjs.org/xtend/-/xtend-4.0.2.tgz",
      "integrity": "sha512-LKYU1iAXJXUgAXn9URjiu+MWhyUXHsvfp7mcuYm9dSUKK0/CjtrUwFAxD82/mCWbtLsGjFIad0wIsod4zrTAEQ=="
    },
    "yargs": {
      "version": "3.5.4",
      "resolved": "https://registry.npmjs.org/yargs/-/yargs-3.5.4.tgz",
      "integrity": "sha1-2K/49mXpTDS9JZvevRv68N3TU2E=",
      "requires": {
        "camelcase": "1.2.1",
        "decamelize": "1.2.0",
        "window-size": "0.1.0",
        "wordwrap": "0.0.2"
      }
    },
    "zlib-browserify": {
      "version": "0.0.1",
      "resolved": "https://registry.npmjs.org/zlib-browserify/-/zlib-browserify-0.0.1.tgz",
      "integrity": "sha1-T6akXQDbwV8xikr6HZr8Aljhdsw="
    }
  }
}
